
Microsoft Visual Studio Solution File, Format Version 12.00
# Visual Studio Version 17
VisualStudioVersion = 17.8.34330.188
MinimumVisualStudioVersion = 10.0.40219.1
Project("{9A19103F-16F7-4668-BE54-9A1E7A4F7556}") = "FiveAnts.Endpoint", "FiveAnts.Endpoint.csproj", "{3A2537F0-1E7F-4D81-B6E3-A126874CCB24}"
EndProject
Global
	GlobalSection(SolutionConfigurationPlatforms) = preSolution
		Debug|Any CPU = Debug|Any CPU
		Release|Any CPU = Release|Any CPU
	EndGlobalSection
	GlobalSection(ProjectConfigurationPlatforms) = postSolution
		{3A2537F0-1E7F-4D81-B6E3-A126874CCB24}.Debug|Any CPU.ActiveCfg = Debug|Any CPU
		{3A2537F0-1E7F-4D81-B6E3-A126874CCB24}.Debug|Any CPU.Build.0 = Debug|Any CPU
		{3A2537F0-1E7F-4D81-B6E3-A126874CCB24}.Release|Any CPU.ActiveCfg = Release|Any CPU
		{3A2537F0-1E7F-4D81-B6E3-A126874CCB24}.Release|Any CPU.Build.0 = Release|Any CPU
	EndGlobalSection
	GlobalSection(SolutionProperties) = preSolution
		HideSolutionNode = FALSE
	EndGlobalSection
	GlobalSection(ExtensibilityGlobals) = postSolution
		SolutionGuid = {7605201E-BE87-4324-96CD-73A9E7022823}
	EndGlobalSection
EndGlobal
